
Microsoft Visual Studio Solution File, Format Version 12.00
# Visual Studio 15
VisualStudioVersion = 15.0.28307.168
MinimumVisualStudioVersion = 10.0.40219.1
Project("{FAE04EC0-301F-11D3-BF4B-00C04F79EFBC}") = "JiraWebApi", "JiraWebApi\JiraWebApi.csproj", "{2C0D3B03-6AC2-450B-BE36-D81ABB857784}"
EndProject
Global
	GlobalSection(SolutionConfigurationPlatforms) = preSolution
		Debug|Any CPU = Debug|Any CPU
		Release|Any CPU = Release|Any CPU
	EndGlobalSection
	GlobalSection(ProjectConfigurationPlatforms) = postSolution
		{2C0D3B03-6AC2-450B-BE36-D81ABB857784}.Debug|Any CPU.ActiveCfg = Debug|Any CPU
		{2C0D3B03-6AC2-450B-BE36-D81ABB857784}.Debug|Any CPU.Build.0 = Debug|Any CPU
		{2C0D3B03-6AC2-450B-BE36-D81ABB857784}.Release|Any CPU.ActiveCfg = Release|Any CPU
		{2C0D3B03-6AC2-450B-BE36-D81ABB857784}.Release|Any CPU.Build.0 = Release|Any CPU
	EndGlobalSection
	GlobalSection(SolutionProperties) = preSolution
		HideSolutionNode = FALSE
	EndGlobalSection
	GlobalSection(ExtensibilityGlobals) = postSolution
		SolutionGuid = {56A7F353-6ADD-4FF6-8E3E-BF853E07ABB6}
	EndGlobalSection
EndGlobal
